// !$*UTF8*$!
{
	archiveVersion = 1;
	classes = {
	};
	objectVersion = 48;
	objects = {

/* Begin PBXBuildFile section */
		CF5DF8541FCDACF00012DF4B /* AppDelegate.m in Sources */ = {isa = PBXBuildFile; fileRef = CF5DF8531FCDACF00012DF4B /* AppDelegate.m */; };
		CF5DF85C1FCDACF00012DF4B /* Assets.xcassets in Resources */ = {isa = PBXBuildFile; fileRef = CF5DF85B1FCDACF00012DF4B /* Assets.xcassets */; };
		CF5DF85F1FCDACF00012DF4B /* LaunchScreen.storyboard in Resources */ = {isa = PBXBuildFile; fileRef = CF5DF85D1FCDACF00012DF4B /* LaunchScreen.storyboard */; };
		CF5DF8621FCDACF00012DF4B /* main.m in Sources */ = {isa = PBXBuildFile; fileRef = CF5DF8611FCDACF00012DF4B /* main.m */; };
		CF5DF87D1FCDAD060012DF4B /* DatabaseObject.m in Sources */ = {isa = PBXBuildFile; fileRef = CF5DF86A1FCDAD060012DF4B /* DatabaseObject.m */; };
		CF5DF87E1FCDAD060012DF4B /* DatabaseManager.m in Sources */ = {isa = PBXBuildFile; fileRef = CF5DF86B1FCDAD060012DF4B /* DatabaseManager.m */; };
		CF5DF8801FCDAD060012DF4B /* FMDatabaseQueue.m in Sources */ = {isa = PBXBuildFile; fileRef = CF5DF8731FCDAD060012DF4B /* FMDatabaseQueue.m */; };
		CF5DF8811FCDAD060012DF4B /* FMDatabaseAdditions.m in Sources */ = {isa = PBXBuildFile; fileRef = CF5DF8761FCDAD060012DF4B /* FMDatabaseAdditions.m */; };
		CF5DF8821FCDAD060012DF4B /* FMDatabase.m in Sources */ = {isa = PBXBuildFile; fileRef = CF5DF8771FCDAD060012DF4B /* FMDatabase.m */; };
		CF5DF8831FCDAD060012DF4B /* FMDatabasePool.m in Sources */ = {isa = PBXBuildFile; fileRef = CF5DF87B1FCDAD060012DF4B /* FMDatabasePool.m */; };
		CF5DF8841FCDAD060012DF4B /* FMResultSet.m in Sources */ = {isa = PBXBuildFile; fileRef = CF5DF87C1FCDAD060012DF4B /* FMResultSet.m */; };
		CF5DF88D1FCDADB40012DF4B /* NSArray+Description.m in Sources */ = {isa = PBXBuildFile; fileRef = CF5DF8881FCDADB30012DF4B /* NSArray+Description.m */; };
		CF5DF88E1FCDADB40012DF4B /* SystemAnnouncement.m in Sources */ = {isa = PBXBuildFile; fileRef = CF5DF88C1FCDADB30012DF4B /* SystemAnnouncement.m */; };
		CF5DF8911FCDADDD0012DF4B /* RootTableViewController.m in Sources */ = {isa = PBXBuildFile; fileRef = CF5DF8901FCDADDD0012DF4B /* RootTableViewController.m */; };
		CF5DF8931FCDB1660012DF4B /* libsqlcipher.a in Frameworks */ = {isa = PBXBuildFile; fileRef = CF5DF8921FCDB1660012DF4B /* libsqlcipher.a */; };
		CFCD0E1C1FCDB955006B21F8 /* Main.storyboard in Resources */ = {isa = PBXBuildFile; fileRef = CFCD0E1A1FCDB955006B21F8 /* Main.storyboard */; };
/* End PBXBuildFile section */

/* Begin PBXFileReference section */
		CF5DF84F1FCDACF00012DF4B /* DatabaseObject.app */ = {isa = PBXFileReference; explicitFileType = wrapper.application; includeInIndex = 0; path = DatabaseObject.app; sourceTree = BUILT_PRODUCTS_DIR; };
		CF5DF8521FCDACF00012DF4B /* AppDelegate.h */ = {isa = PBXFileReference; lastKnownFileType = sourcecode.c.h; path = AppDelegate.h; sourceTree = "<group>"; };
		CF5DF8531FCDACF00012DF4B /* AppDelegate.m */ = {isa = PBXFileReference; lastKnownFileType = sourcecode.c.objc; path = AppDelegate.m; sourceTree = "<group>"; };
		CF5DF85B1FCDACF00012DF4B /* Assets.xcassets */ = {isa = PBXFileReference; lastKnownFileType = folder.assetcatalog; path = Assets.xcassets; sourceTree = "<group>"; };
		CF5DF85E1FCDACF00012DF4B /* Base */ = {isa = PBXFileReference; lastKnownFileType = file.storyboard; name = Base; path = Base.lproj/LaunchScreen.storyboard; sourceTree = "<group>"; };
		CF5DF8601FCDACF00012DF4B /* Info.plist */ = {isa = PBXFileReference; lastKnownFileType = text.plist.xml; path = Info.plist; sourceTree = "<group>"; };
		CF5DF8611FCDACF00012DF4B /* main.m */ = {isa = PBXFileReference; lastKnownFileType = sourcecode.c.objc; path = main.m; sourceTree = "<group>"; };
		CF5DF86A1FCDAD060012DF4B /* DatabaseObject.m */ = {isa = PBXFileReference; fileEncoding = 4; lastKnownFileType = sourcecode.c.objc; path = DatabaseObject.m; sourceTree = "<group>"; };
		CF5DF86B1FCDAD060012DF4B /* DatabaseManager.m */ = {isa = PBXFileReference; fileEncoding = 4; lastKnownFileType = sourcecode.c.objc; path = DatabaseManager.m; sourceTree = "<group>"; };
		CF5DF86C1FCDAD060012DF4B /* DatabaseObject.h */ = {isa = PBXFileReference; fileEncoding = 4; lastKnownFileType = sourcecode.c.h; path = DatabaseObject.h; sourceTree = "<group>"; };
		CF5DF86D1FCDAD060012DF4B /* DatabaseManager.h */ = {isa = PBXFileReference; fileEncoding = 4; lastKnownFileType = sourcecode.c.h; path = DatabaseManager.h; sourceTree = "<group>"; };
		CF5DF8701FCDAD060012DF4B /* sqlite3.h */ = {isa = PBXFileReference; fileEncoding = 4; lastKnownFileType = sourcecode.c.h; path = sqlite3.h; sourceTree = "<group>"; };
		CF5DF8721FCDAD060012DF4B /* FMDatabase.h */ = {isa = PBXFileReference; fileEncoding = 4; lastKnownFileType = sourcecode.c.h; path = FMDatabase.h; sourceTree = "<group>"; };
		CF5DF8731FCDAD060012DF4B /* FMDatabaseQueue.m */ = {isa = PBXFileReference; fileEncoding = 4; lastKnownFileType = sourcecode.c.objc; path = FMDatabaseQueue.m; sourceTree = "<group>"; };
		CF5DF8741FCDAD060012DF4B /* FMResultSet.h */ = {isa = PBXFileReference; fileEncoding = 4; lastKnownFileType = sourcecode.c.h; path = FMResultSet.h; sourceTree = "<group>"; };
		CF5DF8751FCDAD060012DF4B /* FMDatabasePool.h */ = {isa = PBXFileReference; fileEncoding = 4; lastKnownFileType = sourcecode.c.h; path = FMDatabasePool.h; sourceTree = "<group>"; };
		CF5DF8761FCDAD060012DF4B /* FMDatabaseAdditions.m */ = {isa = PBXFileReference; fileEncoding = 4; lastKnownFileType = sourcecode.c.objc; path = FMDatabaseAdditions.m; sourceTree = "<group>"; };
		CF5DF8771FCDAD060012DF4B /* FMDatabase.m */ = {isa = PBXFileReference; fileEncoding = 4; lastKnownFileType = sourcecode.c.objc; path = FMDatabase.m; sourceTree = "<group>"; };
		CF5DF8781FCDAD060012DF4B /* FMDatabaseQueue.h */ = {isa = PBXFileReference; fileEncoding = 4; lastKnownFileType = sourcecode.c.h; path = FMDatabaseQueue.h; sourceTree = "<group>"; };
		CF5DF8791FCDAD060012DF4B /* FMDB.h */ = {isa = PBXFileReference; fileEncoding = 4; lastKnownFileType = sourcecode.c.h; path = FMDB.h; sourceTree = "<group>"; };
		CF5DF87A1FCDAD060012DF4B /* FMDatabaseAdditions.h */ = {isa = PBXFileReference; fileEncoding = 4; lastKnownFileType = sourcecode.c.h; path = FMDatabaseAdditions.h; sourceTree = "<group>"; };
		CF5DF87B1FCDAD060012DF4B /* FMDatabasePool.m */ = {isa = PBXFileReference; fileEncoding = 4; lastKnownFileType = sourcecode.c.objc; path = FMDatabasePool.m; sourceTree = "<group>"; };
		CF5DF87C1FCDAD060012DF4B /* FMResultSet.m */ = {isa = PBXFileReference; fileEncoding = 4; lastKnownFileType = sourcecode.c.objc; path = FMResultSet.m; sourceTree = "<group>"; };
		CF5DF8861FCDAD5B0012DF4B /* libsqlite3.tbd */ = {isa = PBXFileReference; lastKnownFileType = "sourcecode.text-based-dylib-definition"; name = libsqlite3.tbd; path = usr/lib/libsqlite3.tbd; sourceTree = SDKROOT; };
		CF5DF8881FCDADB30012DF4B /* NSArray+Description.m */ = {isa = PBXFileReference; fileEncoding = 4; lastKnownFileType = sourcecode.c.objc; path = "NSArray+Description.m"; sourceTree = "<group>"; };
		CF5DF8891FCDADB30012DF4B /* NSArray+Description.h */ = {isa = PBXFileReference; fileEncoding = 4; lastKnownFileType = sourcecode.c.h; path = "NSArray+Description.h"; sourceTree = "<group>"; };
		CF5DF88B1FCDADB30012DF4B /* SystemAnnouncement.h */ = {isa = PBXFileReference; fileEncoding = 4; lastKnownFileType = sourcecode.c.h; path = SystemAnnouncement.h; sourceTree = "<group>"; };
		CF5DF88C1FCDADB30012DF4B /* SystemAnnouncement.m */ = {isa = PBXFileReference; fileEncoding = 4; lastKnownFileType = sourcecode.c.objc; path = SystemAnnouncement.m; sourceTree = "<group>"; };
		CF5DF88F1FCDADDD0012DF4B /* RootTableViewController.h */ = {isa = PBXFileReference; fileEncoding = 4; lastKnownFileType = sourcecode.c.h; path = RootTableViewController.h; sourceTree = "<group>"; };
		CF5DF8901FCDADDD0012DF4B /* RootTableViewController.m */ = {isa = PBXFileReference; fileEncoding = 4; lastKnownFileType = sourcecode.c.objc; path = RootTableViewController.m; sourceTree = "<group>"; };
		CF5DF8921FCDB1660012DF4B /* libsqlcipher.a */ = {isa = PBXFileReference; lastKnownFileType = archive.ar; path = libsqlcipher.a; sourceTree = "<group>"; };
		CFCD0E1B1FCDB955006B21F8 /* Base */ = {isa = PBXFileReference; lastKnownFileType = file.storyboard; name = Base; path = Base.lproj/Main.storyboard; sourceTree = "<group>"; };
/* End PBXFileReference section */

/* Begin PBXFrameworksBuildPhase section */
		CF5DF84C1FCDACF00012DF4B /* Frameworks */ = {
			isa = PBXFrameworksBuildPhase;
			buildActionMask = 2147483647;
			files = (
				CF5DF8931FCDB1660012DF4B /* libsqlcipher.a in Frameworks */,
			);
			runOnlyForDeploymentPostprocessing = 0;
		};
/* End PBXFrameworksBuildPhase section */

/* Begin PBXGroup section */
		CF5DF8461FCDACF00012DF4B = {
			isa = PBXGroup;
			children = (
				CF5DF8511FCDACF00012DF4B /* DatabaseObject */,
				CF5DF8501FCDACF00012DF4B /* Products */,
				CF5DF8851FCDAD430012DF4B /* Frameworks */,
			);
			sourceTree = "<group>";
		};
		CF5DF8501FCDACF00012DF4B /* Products */ = {
			isa = PBXGroup;
			children = (
				CF5DF84F1FCDACF00012DF4B /* DatabaseObject.app */,
			);
			name = Products;
			sourceTree = "<group>";
		};
		CF5DF8511FCDACF00012DF4B /* DatabaseObject */ = {
			isa = PBXGroup;
			children = (
				CF5DF8681FCDAD060012DF4B /* lib */,
				CF5DF8871FCDADB30012DF4B /* Category */,
				CF5DF88A1FCDADB30012DF4B /* DataObject */,
				CF5DF8521FCDACF00012DF4B /* AppDelegate.h */,
				CF5DF8531FCDACF00012DF4B /* AppDelegate.m */,
				CF5DF88F1FCDADDD0012DF4B /* RootTableViewController.h */,
				CF5DF8901FCDADDD0012DF4B /* RootTableViewController.m */,
				CF5DF85B1FCDACF00012DF4B /* Assets.xcassets */,
				CFCD0E1A1FCDB955006B21F8 /* Main.storyboard */,
				CF5DF85D1FCDACF00012DF4B /* LaunchScreen.storyboard */,
				CF5DF8601FCDACF00012DF4B /* Info.plist */,
				CF5DF8611FCDACF00012DF4B /* main.m */,
			);
			path = DatabaseObject;
			sourceTree = "<group>";
		};
		CF5DF8681FCDAD060012DF4B /* lib */ = {
			isa = PBXGroup;
			children = (
				CF5DF8691FCDAD060012DF4B /* dbObject */,
				CF5DF86E1FCDAD060012DF4B /* sqlcipher */,
				CF5DF8711FCDAD060012DF4B /* fmdb */,
			);
			path = lib;
			sourceTree = "<group>";
		};
		CF5DF8691FCDAD060012DF4B /* dbObject */ = {
			isa = PBXGroup;
			children = (
				CF5DF86D1FCDAD060012DF4B /* DatabaseManager.h */,
				CF5DF86B1FCDAD060012DF4B /* DatabaseManager.m */,
				CF5DF86C1FCDAD060012DF4B /* DatabaseObject.h */,
				CF5DF86A1FCDAD060012DF4B /* DatabaseObject.m */,
			);
			path = dbObject;
			sourceTree = "<group>";
		};
		CF5DF86E1FCDAD060012DF4B /* sqlcipher */ = {
			isa = PBXGroup;
			children = (
				CF5DF8701FCDAD060012DF4B /* sqlite3.h */,
				CF5DF8921FCDB1660012DF4B /* libsqlcipher.a */,
			);
			path = sqlcipher;
			sourceTree = "<group>";
		};
		CF5DF8711FCDAD060012DF4B /* fmdb */ = {
			isa = PBXGroup;
			children = (
				CF5DF8791FCDAD060012DF4B /* FMDB.h */,
				CF5DF8721FCDAD060012DF4B /* FMDatabase.h */,
				CF5DF8771FCDAD060012DF4B /* FMDatabase.m */,
				CF5DF8731FCDAD060012DF4B /* FMDatabaseQueue.m */,
				CF5DF8781FCDAD060012DF4B /* FMDatabaseQueue.h */,
				CF5DF8741FCDAD060012DF4B /* FMResultSet.h */,
				CF5DF87C1FCDAD060012DF4B /* FMResultSet.m */,
				CF5DF8751FCDAD060012DF4B /* FMDatabasePool.h */,
				CF5DF87B1FCDAD060012DF4B /* FMDatabasePool.m */,
				CF5DF87A1FCDAD060012DF4B /* FMDatabaseAdditions.h */,
				CF5DF8761FCDAD060012DF4B /* FMDatabaseAdditions.m */,
			);
			path = fmdb;
			sourceTree = "<group>";
		};
		CF5DF8851FCDAD430012DF4B /* Frameworks */ = {
			isa = PBXGroup;
			children = (
				CF5DF8861FCDAD5B0012DF4B /* libsqlite3.tbd */,
			);
			path = Frameworks;
			sourceTree = "<group>";
		};
		CF5DF8871FCDADB30012DF4B /* Category */ = {
			isa = PBXGroup;
			children = (
				CF5DF8891FCDADB30012DF4B /* NSArray+Description.h */,
				CF5DF8881FCDADB30012DF4B /* NSArray+Description.m */,
			);
			path = Category;
			sourceTree = "<group>";
		};
		CF5DF88A1FCDADB30012DF4B /* DataObject */ = {
			isa = PBXGroup;
			children = (
				CF5DF88B1FCDADB30012DF4B /* SystemAnnouncement.h */,
				CF5DF88C1FCDADB30012DF4B /* SystemAnnouncement.m */,
			);
			path = DataObject;
			sourceTree = "<group>";
		};
/* End PBXGroup section */

/* Begin PBXNativeTarget section */
		CF5DF84E1FCDACF00012DF4B /* DatabaseObject */ = {
			isa = PBXNativeTarget;
			buildConfigurationList = CF5DF8651FCDACF00012DF4B /* Build configuration list for PBXNativeTarget "DatabaseObject" */;
			buildPhases = (
				CF5DF84B1FCDACF00012DF4B /* Sources */,
				CF5DF84C1FCDACF00012DF4B /* Frameworks */,
				CF5DF84D1FCDACF00012DF4B /* Resources */,
			);
			buildRules = (
			);
			dependencies = (
			);
			name = DatabaseObject;
			productName = DatabaseObject;
			productReference = CF5DF84F1FCDACF00012DF4B /* DatabaseObject.app */;
			productType = "com.apple.product-type.application";
		};
/* End PBXNativeTarget section */

/* Begin PBXProject section */
		CF5DF8471FCDACF00012DF4B /* Project object */ = {
			isa = PBXProject;
			attributes = {
				LastUpgradeCheck = 0910;
				ORGANIZATIONNAME = wyong.developer.;
				TargetAttributes = {
					CF5DF84E1FCDACF00012DF4B = {
						CreatedOnToolsVersion = 9.1;
						ProvisioningStyle = Automatic;
					};
				};
			};
			buildConfigurationList = CF5DF84A1FCDACF00012DF4B /* Build configuration list for PBXProject "DatabaseObject" */;
			compatibilityVersion = "Xcode 8.0";
			developmentRegion = en;
			hasScannedForEncodings = 0;
			knownRegions = (
				en,
				Base,
			);
			mainGroup = CF5DF8461FCDACF00012DF4B;
			productRefGroup = CF5DF8501FCDACF00012DF4B /* Products */;
			projectDirPath = "";
			projectRoot = "";
			targets = (
				CF5DF84E1FCDACF00012DF4B /* DatabaseObject */,
			);
		};
/* End PBXProject section */

/* Begin PBXResourcesBuildPhase section */
		CF5DF84D1FCDACF00012DF4B /* Resources */ = {
			isa = PBXResourcesBuildPhase;
			buildActionMask = 2147483647;
			files = (
				CF5DF85F1FCDACF00012DF4B /* LaunchScreen.storyboard in Resources */,
				CF5DF85C1FCDACF00012DF4B /* Assets.xcassets in Resources */,
				CFCD0E1C1FCDB955006B21F8 /* Main.storyboard in Resources */,
			);
			runOnlyForDeploymentPostprocessing = 0;
		};
/* End PBXResourcesBuildPhase section */

/* Begin PBXSourcesBuildPhase section */
		CF5DF84B1FCDACF00012DF4B /* Sources */ = {
			isa = PBXSourcesBuildPhase;
			buildActionMask = 2147483647;
			files = (
				CF5DF8621FCDACF00012DF4B /* main.m in Sources */,
				CF5DF8541FCDACF00012DF4B /* AppDelegate.m in Sources */,
				CF5DF8911FCDADDD0012DF4B /* RootTableViewController.m in Sources */,
				CF5DF88E1FCDADB40012DF4B /* SystemAnnouncement.m in Sources */,
				CF5DF88D1FCDADB40012DF4B /* NSArray+Description.m in Sources */,
				CF5DF87E1FCDAD060012DF4B /* DatabaseManager.m in Sources */,
				CF5DF8841FCDAD060012DF4B /* FMResultSet.m in Sources */,
				CF5DF8831FCDAD060012DF4B /* FMDatabasePool.m in Sources */,
				CF5DF87D1FCDAD060012DF4B /* DatabaseObject.m in Sources */,
				CF5DF8811FCDAD060012DF4B /* FMDatabaseAdditions.m in Sources */,
				CF5DF8801FCDAD060012DF4B /* FMDatabaseQueue.m in Sources */,
				CF5DF8821FCDAD060012DF4B /* FMDatabase.m in Sources */,
			);
			runOnlyForDeploymentPostprocessing = 0;
		};
/* End PBXSourcesBuildPhase section */

/* Begin PBXVariantGroup section */
		CF5DF85D1FCDACF00012DF4B /* LaunchScreen.storyboard */ = {
			isa = PBXVariantGroup;
			children = (
				CF5DF85E1FCDACF00012DF4B /* Base */,
			);
			name = LaunchScreen.storyboard;
			sourceTree = "<group>";
		};
		CFCD0E1A1FCDB955006B21F8 /* Main.storyboard */ = {
			isa = PBXVariantGroup;
			children = (
				CFCD0E1B1FCDB955006B21F8 /* Base */,
			);
			name = Main.storyboard;
			sourceTree = "<group>";
		};
/* End PBXVariantGroup section */

/* Begin XCBuildConfiguration section */
		CF5DF8631FCDACF00012DF4B /* Debug */ = {
			isa = XCBuildConfiguration;
			buildSettings = {
				ALWAYS_SEARCH_USER_PATHS = NO;
				CLANG_ANALYZER_NONNULL = YES;
				CLANG_ANALYZER_NUMBER_OBJECT_CONVERSION = YES_AGGRESSIVE;
				CLANG_CXX_LANGUAGE_STANDARD = "gnu++14";
				CLANG_CXX_LIBRARY = "libc++";
				CLANG_ENABLE_MODULES = YES;
				CLANG_ENABLE_OBJC_ARC = YES;
				CLANG_WARN_BLOCK_CAPTURE_AUTORELEASING = YES;
				CLANG_WARN_BOOL_CONVERSION = YES;
				CLANG_WARN_COMMA = YES;
				CLANG_WARN_CONSTANT_CONVERSION = YES;
				CLANG_WARN_DIRECT_OBJC_ISA_USAGE = YES_ERROR;
				CLANG_WARN_DOCUMENTATION_COMMENTS = YES;
				CLANG_WARN_EMPTY_BODY = YES;
				CLANG_WARN_ENUM_CONVERSION = YES;
				CLANG_WARN_INFINITE_RECURSION = YES;
				CLANG_WARN_INT_CONVERSION = YES;
				CLANG_WARN_NON_LITERAL_NULL_CONVERSION = YES;
				CLANG_WARN_OBJC_LITERAL_CONVERSION = YES;
				CLANG_WARN_OBJC_ROOT_CLASS = YES_ERROR;
				CLANG_WARN_RANGE_LOOP_ANALYSIS = YES;
				CLANG_WARN_STRICT_PROTOTYPES = YES;
				CLANG_WARN_SUSPICIOUS_MOVE = YES;
				CLANG_WARN_UNGUARDED_AVAILABILITY = YES_AGGRESSIVE;
				CLANG_WARN_UNREACHABLE_CODE = YES;
				CLANG_WARN__DUPLICATE_METHOD_MATCH = YES;
				CODE_SIGN_IDENTITY = "iPhone Developer";
				COPY_PHASE_STRIP = NO;
				DEBUG_INFORMATION_FORMAT = dwarf;
				ENABLE_STRICT_OBJC_MSGSEND = YES;
				ENABLE_TESTABILITY = YES;
				GCC_C_LANGUAGE_STANDARD = gnu11;
				GCC_DYNAMIC_NO_PIC = NO;
				GCC_NO_COMMON_BLOCKS = YES;
				GCC_OPTIMIZATION_LEVEL = 0;
				GCC_PREPROCESSOR_DEFINITIONS = (
					"DEBUG=1",
					"$(inherited)",
				);
				GCC_WARN_64_TO_32_BIT_CONVERSION = YES;
				GCC_WARN_ABOUT_RETURN_TYPE = YES_ERROR;
				GCC_WARN_UNDECLARED_SELECTOR = YES;
				GCC_WARN_UNINITIALIZED_AUTOS = YES_AGGRESSIVE;
				GCC_WARN_UNUSED_FUNCTION = YES;
				GCC_WARN_UNUSED_VARIABLE = YES;
				IPHONEOS_DEPLOYMENT_TARGET = 8.0;
				MTL_ENABLE_DEBUG_INFO = YES;
				ONLY_ACTIVE_ARCH = YES;
				SDKROOT = iphoneos;
			};
			name = Debug;
		};
		CF5DF8641FCDACF00012DF4B /* Release */ = {
			isa = XCBuildConfiguration;
			buildSettings = {
				ALWAYS_SEARCH_USER_PATHS = NO;
				CLANG_ANALYZER_NONNULL = YES;
				CLANG_ANALYZER_NUMBER_OBJECT_CONVERSION = YES_AGGRESSIVE;
				CLANG_CXX_LANGUAGE_STANDARD = "gnu++14";
				CLANG_CXX_LIBRARY = "libc++";
				CLANG_ENABLE_MODULES = YES;
				CLANG_ENABLE_OBJC_ARC = YES;
				CLANG_WARN_BLOCK_CAPTURE_AUTORELEASING = YES;
				CLANG_WARN_BOOL_CONVERSION = YES;
				CLANG_WARN_COMMA = YES;
				CLANG_WARN_CONSTANT_CONVERSION = YES;
				CLANG_WARN_DIRECT_OBJC_ISA_USAGE = YES_ERROR;
				CLANG_WARN_DOCUMENTATION_COMMENTS = YES;
				CLANG_WARN_EMPTY_BODY = YES;
				CLANG_WARN_ENUM_CONVERSION = YES;
				CLANG_WARN_INFINITE_RECURSION = YES;
				CLANG_WARN_INT_CONVERSION = YES;
				CLANG_WARN_NON_LITERAL_NULL_CONVERSION = YES;
				CLANG_WARN_OBJC_LITERAL_CONVERSION = YES;
				CLANG_WARN_OBJC_ROOT_CLASS = YES_ERROR;
				CLANG_WARN_RANGE_LOOP_ANALYSIS = YES;
				CLANG_WARN_STRICT_PROTOTYPES = YES;
				CLANG_WARN_SUSPICIOUS_MOVE = YES;
				CLANG_WARN_UNGUARDED_AVAILABILITY = YES_AGGRESSIVE;
				CLANG_WARN_UNREACHABLE_CODE = YES;
				CLANG_WARN__DUPLICATE_METHOD_MATCH = YES;
				CODE_SIGN_IDENTITY = "iPhone Developer";
				COPY_PHASE_STRIP = NO;
				DEBUG_INFORMATION_FORMAT = "dwarf-with-dsym";
				ENABLE_NS_ASSERTIONS = NO;
				ENABLE_STRICT_OBJC_MSGSEND = YES;
				GCC_C_LANGUAGE_STANDARD = gnu11;
				GCC_NO_COMMON_BLOCKS = YES;
				GCC_WARN_64_TO_32_BIT_CONVERSION = YES;
				GCC_WARN_ABOUT_RETURN_TYPE = YES_ERROR;
				GCC_WARN_UNDECLARED_SELECTOR = YES;
				GCC_WARN_UNINITIALIZED_AUTOS = YES_AGGRESSIVE;
				GCC_WARN_UNUSED_FUNCTION = YES;
				GCC_WARN_UNUSED_VARIABLE = YES;
				IPHONEOS_DEPLOYMENT_TARGET = 8.0;
				MTL_ENABLE_DEBUG_INFO = NO;
				SDKROOT = iphoneos;
				VALIDATE_PRODUCT = YES;
			};
			name = Release;
		};
		CF5DF8661FCDACF00012DF4B /* Debug */ = {
			isa = XCBuildConfiguration;
			buildSettings = {
				ASSETCATALOG_COMPILER_APPICON_NAME = AppIcon;
				"CODE_SIGN_IDENTITY[sdk=iphoneos*]" = "iPhone Developer";
				CODE_SIGN_STYLE = Automatic;
				DEVELOPMENT_TEAM = 8MKVW4UJK2;
				INFOPLIST_FILE = DatabaseObject/Info.plist;
				LD_RUNPATH_SEARCH_PATHS = "$(inherited) @executable_path/Frameworks";
				LIBRARY_SEARCH_PATHS = (
					"$(inherited)",
					"$(PROJECT_DIR)/DatabaseObject/lib/sqlcipher",
				);
				OTHER_CFLAGS = "-DSQLITE_HAS_CODEC";
				PRODUCT_BUNDLE_IDENTIFIER = com.wyong.developer;
				PRODUCT_NAME = "$(TARGET_NAME)";
				PROVISIONING_PROFILE = "";
				PROVISIONING_PROFILE_SPECIFIER = "";
				TARGETED_DEVICE_FAMILY = "1,2";
			};
			name = Debug;
		};
		CF5DF8671FCDACF00012DF4B /* Release */ = {
			isa = XCBuildConfiguration;
			buildSettings = {
				ASSETCATALOG_COMPILER_APPICON_NAME = AppIcon;
				"CODE_SIGN_IDENTITY[sdk=iphoneos*]" = "iPhone Developer";
				CODE_SIGN_STYLE = Automatic;
				DEVELOPMENT_TEAM = 8MKVW4UJK2;
				INFOPLIST_FILE = DatabaseObject/Info.plist;
				LD_RUNPATH_SEARCH_PATHS = "$(inherited) @executable_path/Frameworks";
				LIBRARY_SEARCH_PATHS = (
					"$(inherited)",
					"$(PROJECT_DIR)/DatabaseObject/lib/sqlcipher",
				);
				OTHER_CFLAGS = "-DSQLITE_HAS_CODEC";
				PRODUCT_BUNDLE_IDENTIFIER = com.wyong.developer;
				PRODUCT_NAME = "$(TARGET_NAME)";
				PROVISIONING_PROFILE = "";
				PROVISIONING_PROFILE_SPECIFIER = "";
				TARGETED_DEVICE_FAMILY = "1,2";
			};
			name = Release;
		};
/* End XCBuildConfiguration section */

/* Begin XCConfigurationList section */
		CF5DF84A1FCDACF00012DF4B /* Build configuration list for PBXProject "DatabaseObject" */ = {
			isa = XCConfigurationList;
			buildConfigurations = (
				CF5DF8631FCDACF00012DF4B /* Debug */,
				CF5DF8641FCDACF00012DF4B /* Release */,
			);
			defaultConfigurationIsVisible = 0;
			defaultConfigurationName = Release;
		};
		CF5DF8651FCDACF00012DF4B /* Build configuration list for PBXNativeTarget "DatabaseObject" */ = {
			isa = XCConfigurationList;
			buildConfigurations = (
				CF5DF8661FCDACF00012DF4B /* Debug */,
				CF5DF8671FCDACF00012DF4B /* Release */,
			);
			defaultConfigurationIsVisible = 0;
			defaultConfigurationName = Release;
		};
/* End XCConfigurationList section */
	};
	rootObject = CF5DF8471FCDACF00012DF4B /* Project object */;
}
