// !$*UTF8*$!
{
	archiveVersion = 1;
	classes = {
	};
	objectVersion = 46;
	objects = {

/* Begin PBXBuildFile section */
		8E10CB261DF4F2E4001B64F1 /* main.m in Sources */ = {isa = PBXBuildFile; fileRef = 8E10CB251DF4F2E4001B64F1 /* main.m */; };
		8E10CB291DF4F2E4001B64F1 /* AppDelegate.m in Sources */ = {isa = PBXBuildFile; fileRef = 8E10CB281DF4F2E4001B64F1 /* AppDelegate.m */; };
		8E10CB2F1DF4F2E4001B64F1 /* Main.storyboard in Resources */ = {isa = PBXBuildFile; fileRef = 8E10CB2D1DF4F2E4001B64F1 /* Main.storyboard */; };
		8E10CB311DF4F2E4001B64F1 /* Assets.xcassets in Resources */ = {isa = PBXBuildFile; fileRef = 8E10CB301DF4F2E4001B64F1 /* Assets.xcassets */; };
		8E10CB341DF4F2E4001B64F1 /* LaunchScreen.storyboard in Resources */ = {isa = PBXBuildFile; fileRef = 8E10CB321DF4F2E4001B64F1 /* LaunchScreen.storyboard */; };
		8E10CB501DF4F32C001B64F1 /* DatabaseManager.m in Sources */ = {isa = PBXBuildFile; fileRef = 8E10CB3E1DF4F32C001B64F1 /* DatabaseManager.m */; };
		8E10CB511DF4F32C001B64F1 /* DatabaseObject.m in Sources */ = {isa = PBXBuildFile; fileRef = 8E10CB401DF4F32C001B64F1 /* DatabaseObject.m */; };
		8E10CB521DF4F32C001B64F1 /* FMDatabase.m in Sources */ = {isa = PBXBuildFile; fileRef = 8E10CB431DF4F32C001B64F1 /* FMDatabase.m */; };
		8E10CB531DF4F32C001B64F1 /* FMDatabaseAdditions.m in Sources */ = {isa = PBXBuildFile; fileRef = 8E10CB451DF4F32C001B64F1 /* FMDatabaseAdditions.m */; };
		8E10CB541DF4F32C001B64F1 /* FMDatabasePool.m in Sources */ = {isa = PBXBuildFile; fileRef = 8E10CB471DF4F32C001B64F1 /* FMDatabasePool.m */; };
		8E10CB551DF4F32C001B64F1 /* FMDatabaseQueue.m in Sources */ = {isa = PBXBuildFile; fileRef = 8E10CB491DF4F32C001B64F1 /* FMDatabaseQueue.m */; };
		8E10CB561DF4F32C001B64F1 /* FMResultSet.m in Sources */ = {isa = PBXBuildFile; fileRef = 8E10CB4C1DF4F32C001B64F1 /* FMResultSet.m */; };
		8E10CB5A1DF4F415001B64F1 /* RootTableViewController.m in Sources */ = {isa = PBXBuildFile; fileRef = 8E10CB591DF4F415001B64F1 /* RootTableViewController.m */; };
		8E10CB621DF4F4E7001B64F1 /* libsqlite3.0.tbd in Frameworks */ = {isa = PBXBuildFile; fileRef = 8E10CB611DF4F4E7001B64F1 /* libsqlite3.0.tbd */; };
		8E8E5D9D1DF501CA005D405D /* SystemAnnouncement.m in Sources */ = {isa = PBXBuildFile; fileRef = 8E8E5D9C1DF501CA005D405D /* SystemAnnouncement.m */; };
		8EE0055C1E8366CD007BAC55 /* libsqlcipher.a in Frameworks */ = {isa = PBXBuildFile; fileRef = 8EE0055A1E8366CD007BAC55 /* libsqlcipher.a */; };
/* End PBXBuildFile section */

/* Begin PBXFileReference section */
		8E10CB211DF4F2E4001B64F1 /* DatabaseObject.app */ = {isa = PBXFileReference; explicitFileType = wrapper.application; includeInIndex = 0; path = DatabaseObject.app; sourceTree = BUILT_PRODUCTS_DIR; };
		8E10CB251DF4F2E4001B64F1 /* main.m */ = {isa = PBXFileReference; lastKnownFileType = sourcecode.c.objc; path = main.m; sourceTree = "<group>"; };
		8E10CB271DF4F2E4001B64F1 /* AppDelegate.h */ = {isa = PBXFileReference; lastKnownFileType = sourcecode.c.h; path = AppDelegate.h; sourceTree = "<group>"; };
		8E10CB281DF4F2E4001B64F1 /* AppDelegate.m */ = {isa = PBXFileReference; lastKnownFileType = sourcecode.c.objc; path = AppDelegate.m; sourceTree = "<group>"; };
		8E10CB2E1DF4F2E4001B64F1 /* Base */ = {isa = PBXFileReference; lastKnownFileType = file.storyboard; name = Base; path = Base.lproj/Main.storyboard; sourceTree = "<group>"; };
		8E10CB301DF4F2E4001B64F1 /* Assets.xcassets */ = {isa = PBXFileReference; lastKnownFileType = folder.assetcatalog; path = Assets.xcassets; sourceTree = "<group>"; };
		8E10CB331DF4F2E4001B64F1 /* Base */ = {isa = PBXFileReference; lastKnownFileType = file.storyboard; name = Base; path = Base.lproj/LaunchScreen.storyboard; sourceTree = "<group>"; };
		8E10CB351DF4F2E4001B64F1 /* Info.plist */ = {isa = PBXFileReference; lastKnownFileType = text.plist.xml; path = Info.plist; sourceTree = "<group>"; };
		8E10CB3D1DF4F32C001B64F1 /* DatabaseManager.h */ = {isa = PBXFileReference; fileEncoding = 4; lastKnownFileType = sourcecode.c.h; path = DatabaseManager.h; sourceTree = "<group>"; };
		8E10CB3E1DF4F32C001B64F1 /* DatabaseManager.m */ = {isa = PBXFileReference; fileEncoding = 4; lastKnownFileType = sourcecode.c.objc; path = DatabaseManager.m; sourceTree = "<group>"; };
		8E10CB3F1DF4F32C001B64F1 /* DatabaseObject.h */ = {isa = PBXFileReference; fileEncoding = 4; lastKnownFileType = sourcecode.c.h; path = DatabaseObject.h; sourceTree = "<group>"; };
		8E10CB401DF4F32C001B64F1 /* DatabaseObject.m */ = {isa = PBXFileReference; fileEncoding = 4; lastKnownFileType = sourcecode.c.objc; path = DatabaseObject.m; sourceTree = "<group>"; };
		8E10CB421DF4F32C001B64F1 /* FMDatabase.h */ = {isa = PBXFileReference; fileEncoding = 4; lastKnownFileType = sourcecode.c.h; path = FMDatabase.h; sourceTree = "<group>"; };
		8E10CB431DF4F32C001B64F1 /* FMDatabase.m */ = {isa = PBXFileReference; fileEncoding = 4; lastKnownFileType = sourcecode.c.objc; path = FMDatabase.m; sourceTree = "<group>"; };
		8E10CB441DF4F32C001B64F1 /* FMDatabaseAdditions.h */ = {isa = PBXFileReference; fileEncoding = 4; lastKnownFileType = sourcecode.c.h; path = FMDatabaseAdditions.h; sourceTree = "<group>"; };
		8E10CB451DF4F32C001B64F1 /* FMDatabaseAdditions.m */ = {isa = PBXFileReference; fileEncoding = 4; lastKnownFileType = sourcecode.c.objc; path = FMDatabaseAdditions.m; sourceTree = "<group>"; };
		8E10CB461DF4F32C001B64F1 /* FMDatabasePool.h */ = {isa = PBXFileReference; fileEncoding = 4; lastKnownFileType = sourcecode.c.h; path = FMDatabasePool.h; sourceTree = "<group>"; };
		8E10CB471DF4F32C001B64F1 /* FMDatabasePool.m */ = {isa = PBXFileReference; fileEncoding = 4; lastKnownFileType = sourcecode.c.objc; path = FMDatabasePool.m; sourceTree = "<group>"; };
		8E10CB481DF4F32C001B64F1 /* FMDatabaseQueue.h */ = {isa = PBXFileReference; fileEncoding = 4; lastKnownFileType = sourcecode.c.h; path = FMDatabaseQueue.h; sourceTree = "<group>"; };
		8E10CB491DF4F32C001B64F1 /* FMDatabaseQueue.m */ = {isa = PBXFileReference; fileEncoding = 4; lastKnownFileType = sourcecode.c.objc; path = FMDatabaseQueue.m; sourceTree = "<group>"; };
		8E10CB4A1DF4F32C001B64F1 /* FMDB.h */ = {isa = PBXFileReference; fileEncoding = 4; lastKnownFileType = sourcecode.c.h; path = FMDB.h; sourceTree = "<group>"; };
		8E10CB4B1DF4F32C001B64F1 /* FMResultSet.h */ = {isa = PBXFileReference; fileEncoding = 4; lastKnownFileType = sourcecode.c.h; path = FMResultSet.h; sourceTree = "<group>"; };
		8E10CB4C1DF4F32C001B64F1 /* FMResultSet.m */ = {isa = PBXFileReference; fileEncoding = 4; lastKnownFileType = sourcecode.c.objc; path = FMResultSet.m; sourceTree = "<group>"; };
		8E10CB581DF4F415001B64F1 /* RootTableViewController.h */ = {isa = PBXFileReference; fileEncoding = 4; lastKnownFileType = sourcecode.c.h; path = RootTableViewController.h; sourceTree = "<group>"; };
		8E10CB591DF4F415001B64F1 /* RootTableViewController.m */ = {isa = PBXFileReference; fileEncoding = 4; lastKnownFileType = sourcecode.c.objc; path = RootTableViewController.m; sourceTree = "<group>"; };
		8E10CB611DF4F4E7001B64F1 /* libsqlite3.0.tbd */ = {isa = PBXFileReference; lastKnownFileType = "sourcecode.text-based-dylib-definition"; name = libsqlite3.0.tbd; path = usr/lib/libsqlite3.0.tbd; sourceTree = SDKROOT; };
		8E8E5D9B1DF501CA005D405D /* SystemAnnouncement.h */ = {isa = PBXFileReference; fileEncoding = 4; lastKnownFileType = sourcecode.c.h; path = SystemAnnouncement.h; sourceTree = "<group>"; };
		8E8E5D9C1DF501CA005D405D /* SystemAnnouncement.m */ = {isa = PBXFileReference; fileEncoding = 4; lastKnownFileType = sourcecode.c.objc; path = SystemAnnouncement.m; sourceTree = "<group>"; };
		8EE0055A1E8366CD007BAC55 /* libsqlcipher.a */ = {isa = PBXFileReference; lastKnownFileType = archive.ar; path = libsqlcipher.a; sourceTree = "<group>"; };
		8EE0055B1E8366CD007BAC55 /* sqlite3.h */ = {isa = PBXFileReference; fileEncoding = 4; lastKnownFileType = sourcecode.c.h; path = sqlite3.h; sourceTree = "<group>"; };
/* End PBXFileReference section */

/* Begin PBXFrameworksBuildPhase section */
		8E10CB1E1DF4F2E4001B64F1 /* Frameworks */ = {
			isa = PBXFrameworksBuildPhase;
			buildActionMask = 2147483647;
			files = (
				8E10CB621DF4F4E7001B64F1 /* libsqlite3.0.tbd in Frameworks */,
				8EE0055C1E8366CD007BAC55 /* libsqlcipher.a in Frameworks */,
			);
			runOnlyForDeploymentPostprocessing = 0;
		};
/* End PBXFrameworksBuildPhase section */

/* Begin PBXGroup section */
		8E10CB181DF4F2E4001B64F1 = {
			isa = PBXGroup;
			children = (
				8E10CB231DF4F2E4001B64F1 /* DatabaseObject */,
				8E10CB221DF4F2E4001B64F1 /* Products */,
				8E10CB5C1DF4F4A8001B64F1 /* Frameworks */,
			);
			sourceTree = "<group>";
		};
		8E10CB221DF4F2E4001B64F1 /* Products */ = {
			isa = PBXGroup;
			children = (
				8E10CB211DF4F2E4001B64F1 /* DatabaseObject.app */,
			);
			name = Products;
			sourceTree = "<group>";
		};
		8E10CB231DF4F2E4001B64F1 /* DatabaseObject */ = {
			isa = PBXGroup;
			children = (
				8E10CB3B1DF4F32C001B64F1 /* lib */,
				8E10CB631DF4F56C001B64F1 /* DataObject */,
				8E10CB271DF4F2E4001B64F1 /* AppDelegate.h */,
				8E10CB281DF4F2E4001B64F1 /* AppDelegate.m */,
				8E10CB581DF4F415001B64F1 /* RootTableViewController.h */,
				8E10CB591DF4F415001B64F1 /* RootTableViewController.m */,
				8E10CB2D1DF4F2E4001B64F1 /* Main.storyboard */,
				8E10CB301DF4F2E4001B64F1 /* Assets.xcassets */,
				8E10CB321DF4F2E4001B64F1 /* LaunchScreen.storyboard */,
				8E10CB351DF4F2E4001B64F1 /* Info.plist */,
				8E10CB241DF4F2E4001B64F1 /* Supporting Files */,
			);
			path = DatabaseObject;
			sourceTree = "<group>";
		};
		8E10CB241DF4F2E4001B64F1 /* Supporting Files */ = {
			isa = PBXGroup;
			children = (
				8E10CB251DF4F2E4001B64F1 /* main.m */,
			);
			name = "Supporting Files";
			sourceTree = "<group>";
		};
		8E10CB3B1DF4F32C001B64F1 /* lib */ = {
			isa = PBXGroup;
			children = (
				8EE005591E8366CD007BAC55 /* sqlcipher */,
				8E10CB3C1DF4F32C001B64F1 /* dbManager */,
				8E10CB411DF4F32C001B64F1 /* fmdb */,
			);
			path = lib;
			sourceTree = "<group>";
		};
		8E10CB3C1DF4F32C001B64F1 /* dbManager */ = {
			isa = PBXGroup;
			children = (
				8E10CB3D1DF4F32C001B64F1 /* DatabaseManager.h */,
				8E10CB3E1DF4F32C001B64F1 /* DatabaseManager.m */,
				8E10CB3F1DF4F32C001B64F1 /* DatabaseObject.h */,
				8E10CB401DF4F32C001B64F1 /* DatabaseObject.m */,
			);
			path = dbManager;
			sourceTree = "<group>";
		};
		8E10CB411DF4F32C001B64F1 /* fmdb */ = {
			isa = PBXGroup;
			children = (
				8E10CB421DF4F32C001B64F1 /* FMDatabase.h */,
				8E10CB431DF4F32C001B64F1 /* FMDatabase.m */,
				8E10CB441DF4F32C001B64F1 /* FMDatabaseAdditions.h */,
				8E10CB451DF4F32C001B64F1 /* FMDatabaseAdditions.m */,
				8E10CB461DF4F32C001B64F1 /* FMDatabasePool.h */,
				8E10CB471DF4F32C001B64F1 /* FMDatabasePool.m */,
				8E10CB481DF4F32C001B64F1 /* FMDatabaseQueue.h */,
				8E10CB491DF4F32C001B64F1 /* FMDatabaseQueue.m */,
				8E10CB4A1DF4F32C001B64F1 /* FMDB.h */,
				8E10CB4B1DF4F32C001B64F1 /* FMResultSet.h */,
				8E10CB4C1DF4F32C001B64F1 /* FMResultSet.m */,
			);
			path = fmdb;
			sourceTree = "<group>";
		};
		8E10CB5C1DF4F4A8001B64F1 /* Frameworks */ = {
			isa = PBXGroup;
			children = (
				8E10CB611DF4F4E7001B64F1 /* libsqlite3.0.tbd */,
			);
			name = Frameworks;
			sourceTree = "<group>";
		};
		8E10CB631DF4F56C001B64F1 /* DataObject */ = {
			isa = PBXGroup;
			children = (
				8E8E5D9B1DF501CA005D405D /* SystemAnnouncement.h */,
				8E8E5D9C1DF501CA005D405D /* SystemAnnouncement.m */,
			);
			path = DataObject;
			sourceTree = "<group>";
		};
		8EE005591E8366CD007BAC55 /* sqlcipher */ = {
			isa = PBXGroup;
			children = (
				8EE0055A1E8366CD007BAC55 /* libsqlcipher.a */,
				8EE0055B1E8366CD007BAC55 /* sqlite3.h */,
			);
			path = sqlcipher;
			sourceTree = "<group>";
		};
/* End PBXGroup section */

/* Begin PBXNativeTarget section */
		8E10CB201DF4F2E4001B64F1 /* DatabaseObject */ = {
			isa = PBXNativeTarget;
			buildConfigurationList = 8E10CB381DF4F2E4001B64F1 /* Build configuration list for PBXNativeTarget "DatabaseObject" */;
			buildPhases = (
				8E10CB1D1DF4F2E4001B64F1 /* Sources */,
				8E10CB1E1DF4F2E4001B64F1 /* Frameworks */,
				8E10CB1F1DF4F2E4001B64F1 /* Resources */,
			);
			buildRules = (
			);
			dependencies = (
			);
			name = DatabaseObject;
			productName = DatabaseObject;
			productReference = 8E10CB211DF4F2E4001B64F1 /* DatabaseObject.app */;
			productType = "com.apple.product-type.application";
		};
/* End PBXNativeTarget section */

/* Begin PBXProject section */
		8E10CB191DF4F2E4001B64F1 /* Project object */ = {
			isa = PBXProject;
			attributes = {
				LastUpgradeCheck = 0810;
				ORGANIZATIONNAME = "P&C Information";
				TargetAttributes = {
					8E10CB201DF4F2E4001B64F1 = {
						CreatedOnToolsVersion = 8.1;
						DevelopmentTeam = M2VE6LGB86;
						ProvisioningStyle = Manual;
					};
				};
			};
			buildConfigurationList = 8E10CB1C1DF4F2E4001B64F1 /* Build configuration list for PBXProject "DatabaseObject" */;
			compatibilityVersion = "Xcode 3.2";
			developmentRegion = English;
			hasScannedForEncodings = 0;
			knownRegions = (
				en,
				Base,
			);
			mainGroup = 8E10CB181DF4F2E4001B64F1;
			productRefGroup = 8E10CB221DF4F2E4001B64F1 /* Products */;
			projectDirPath = "";
			projectRoot = "";
			targets = (
				8E10CB201DF4F2E4001B64F1 /* DatabaseObject */,
			);
		};
/* End PBXProject section */

/* Begin PBXResourcesBuildPhase section */
		8E10CB1F1DF4F2E4001B64F1 /* Resources */ = {
			isa = PBXResourcesBuildPhase;
			buildActionMask = 2147483647;
			files = (
				8E10CB341DF4F2E4001B64F1 /* LaunchScreen.storyboard in Resources */,
				8E10CB311DF4F2E4001B64F1 /* Assets.xcassets in Resources */,
				8E10CB2F1DF4F2E4001B64F1 /* Main.storyboard in Resources */,
			);
			runOnlyForDeploymentPostprocessing = 0;
		};
/* End PBXResourcesBuildPhase section */

/* Begin PBXSourcesBuildPhase section */
		8E10CB1D1DF4F2E4001B64F1 /* Sources */ = {
			isa = PBXSourcesBuildPhase;
			buildActionMask = 2147483647;
			files = (
				8E10CB511DF4F32C001B64F1 /* DatabaseObject.m in Sources */,
				8E10CB501DF4F32C001B64F1 /* DatabaseManager.m in Sources */,
				8E10CB521DF4F32C001B64F1 /* FMDatabase.m in Sources */,
				8E8E5D9D1DF501CA005D405D /* SystemAnnouncement.m in Sources */,
				8E10CB561DF4F32C001B64F1 /* FMResultSet.m in Sources */,
				8E10CB291DF4F2E4001B64F1 /* AppDelegate.m in Sources */,
				8E10CB541DF4F32C001B64F1 /* FMDatabasePool.m in Sources */,
				8E10CB531DF4F32C001B64F1 /* FMDatabaseAdditions.m in Sources */,
				8E10CB261DF4F2E4001B64F1 /* main.m in Sources */,
				8E10CB5A1DF4F415001B64F1 /* RootTableViewController.m in Sources */,
				8E10CB551DF4F32C001B64F1 /* FMDatabaseQueue.m in Sources */,
			);
			runOnlyForDeploymentPostprocessing = 0;
		};
/* End PBXSourcesBuildPhase section */

/* Begin PBXVariantGroup section */
		8E10CB2D1DF4F2E4001B64F1 /* Main.storyboard */ = {
			isa = PBXVariantGroup;
			children = (
				8E10CB2E1DF4F2E4001B64F1 /* Base */,
			);
			name = Main.storyboard;
			sourceTree = "<group>";
		};
		8E10CB321DF4F2E4001B64F1 /* LaunchScreen.storyboard */ = {
			isa = PBXVariantGroup;
			children = (
				8E10CB331DF4F2E4001B64F1 /* Base */,
			);
			name = LaunchScreen.storyboard;
			sourceTree = "<group>";
		};
/* End PBXVariantGroup section */

/* Begin XCBuildConfiguration section */
		8E10CB361DF4F2E4001B64F1 /* Debug */ = {
			isa = XCBuildConfiguration;
			buildSettings = {
				ALWAYS_SEARCH_USER_PATHS = NO;
				CLANG_ANALYZER_NONNULL = YES;
				CLANG_CXX_LANGUAGE_STANDARD = "gnu++0x";
				CLANG_CXX_LIBRARY = "libc++";
				CLANG_ENABLE_MODULES = YES;
				CLANG_ENABLE_OBJC_ARC = YES;
				CLANG_WARN_BOOL_CONVERSION = YES;
				CLANG_WARN_CONSTANT_CONVERSION = YES;
				CLANG_WARN_DIRECT_OBJC_ISA_USAGE = YES_ERROR;
				CLANG_WARN_DOCUMENTATION_COMMENTS = YES;
				CLANG_WARN_EMPTY_BODY = YES;
				CLANG_WARN_ENUM_CONVERSION = YES;
				CLANG_WARN_INFINITE_RECURSION = YES;
				CLANG_WARN_INT_CONVERSION = YES;
				CLANG_WARN_OBJC_ROOT_CLASS = YES_ERROR;
				CLANG_WARN_SUSPICIOUS_MOVES = YES;
				CLANG_WARN_UNREACHABLE_CODE = YES;
				CLANG_WARN__DUPLICATE_METHOD_MATCH = YES;
				"CODE_SIGN_IDENTITY[sdk=iphoneos*]" = "iPhone Developer";
				COPY_PHASE_STRIP = NO;
				DEBUG_INFORMATION_FORMAT = dwarf;
				ENABLE_STRICT_OBJC_MSGSEND = YES;
				ENABLE_TESTABILITY = YES;
				GCC_C_LANGUAGE_STANDARD = gnu99;
				GCC_DYNAMIC_NO_PIC = NO;
				GCC_NO_COMMON_BLOCKS = YES;
				GCC_OPTIMIZATION_LEVEL = 0;
				GCC_PREPROCESSOR_DEFINITIONS = (
					"DEBUG=1",
					"$(inherited)",
				);
				GCC_WARN_64_TO_32_BIT_CONVERSION = YES;
				GCC_WARN_ABOUT_RETURN_TYPE = YES_ERROR;
				GCC_WARN_UNDECLARED_SELECTOR = YES;
				GCC_WARN_UNINITIALIZED_AUTOS = YES_AGGRESSIVE;
				GCC_WARN_UNUSED_FUNCTION = YES;
				GCC_WARN_UNUSED_VARIABLE = YES;
				IPHONEOS_DEPLOYMENT_TARGET = 7.0;
				MTL_ENABLE_DEBUG_INFO = YES;
				ONLY_ACTIVE_ARCH = YES;
				SDKROOT = iphoneos;
				TARGETED_DEVICE_FAMILY = "1,2";
			};
			name = Debug;
		};
		8E10CB371DF4F2E4001B64F1 /* Release */ = {
			isa = XCBuildConfiguration;
			buildSettings = {
				ALWAYS_SEARCH_USER_PATHS = NO;
				CLANG_ANALYZER_NONNULL = YES;
				CLANG_CXX_LANGUAGE_STANDARD = "gnu++0x";
				CLANG_CXX_LIBRARY = "libc++";
				CLANG_ENABLE_MODULES = YES;
				CLANG_ENABLE_OBJC_ARC = YES;
				CLANG_WARN_BOOL_CONVERSION = YES;
				CLANG_WARN_CONSTANT_CONVERSION = YES;
				CLANG_WARN_DIRECT_OBJC_ISA_USAGE = YES_ERROR;
				CLANG_WARN_DOCUMENTATION_COMMENTS = YES;
				CLANG_WARN_EMPTY_BODY = YES;
				CLANG_WARN_ENUM_CONVERSION = YES;
				CLANG_WARN_INFINITE_RECURSION = YES;
				CLANG_WARN_INT_CONVERSION = YES;
				CLANG_WARN_OBJC_ROOT_CLASS = YES_ERROR;
				CLANG_WARN_SUSPICIOUS_MOVES = YES;
				CLANG_WARN_UNREACHABLE_CODE = YES;
				CLANG_WARN__DUPLICATE_METHOD_MATCH = YES;
				"CODE_SIGN_IDENTITY[sdk=iphoneos*]" = "iPhone Developer";
				COPY_PHASE_STRIP = NO;
				DEBUG_INFORMATION_FORMAT = "dwarf-with-dsym";
				ENABLE_NS_ASSERTIONS = NO;
				ENABLE_STRICT_OBJC_MSGSEND = YES;
				GCC_C_LANGUAGE_STANDARD = gnu99;
				GCC_NO_COMMON_BLOCKS = YES;
				GCC_WARN_64_TO_32_BIT_CONVERSION = YES;
				GCC_WARN_ABOUT_RETURN_TYPE = YES_ERROR;
				GCC_WARN_UNDECLARED_SELECTOR = YES;
				GCC_WARN_UNINITIALIZED_AUTOS = YES_AGGRESSIVE;
				GCC_WARN_UNUSED_FUNCTION = YES;
				GCC_WARN_UNUSED_VARIABLE = YES;
				IPHONEOS_DEPLOYMENT_TARGET = 7.0;
				MTL_ENABLE_DEBUG_INFO = NO;
				SDKROOT = iphoneos;
				TARGETED_DEVICE_FAMILY = "1,2";
				VALIDATE_PRODUCT = YES;
			};
			name = Release;
		};
		8E10CB391DF4F2E4001B64F1 /* Debug */ = {
			isa = XCBuildConfiguration;
			buildSettings = {
				ASSETCATALOG_COMPILER_APPICON_NAME = AppIcon;
				CODE_SIGN_IDENTITY = "iPhone Developer: qi huang (56378TM4Q9)";
				"CODE_SIGN_IDENTITY[sdk=iphoneos*]" = "iPhone Developer: qi huang (56378TM4Q9)";
				DEVELOPMENT_TEAM = M2VE6LGB86;
				INFOPLIST_FILE = DatabaseObject/Info.plist;
				LD_RUNPATH_SEARCH_PATHS = "$(inherited) @executable_path/Frameworks";
				LIBRARY_SEARCH_PATHS = (
					"$(inherited)",
					"$(PROJECT_DIR)/DatabaseObject/lib/sqlcipher",
				);
				OTHER_CFLAGS = (
					"-DSQLITE_HAS_CODEC",
					"-DSQLITE_THREADSAFE",
					"-DSQLCIPHER_CRYPTO_CC",
					"-DSQLITE_TEMP_STORE=2",
				);
				PRODUCT_BUNDLE_IDENTIFIER = com.longwind.DatabaseObject;
				PRODUCT_NAME = "$(TARGET_NAME)";
				PROVISIONING_PROFILE = "86e55e90-69be-4359-8862-b30dc8e9548d";
				PROVISIONING_PROFILE_SPECIFIER = LongWindDevelopment;
			};
			name = Debug;
		};
		8E10CB3A1DF4F2E4001B64F1 /* Release */ = {
			isa = XCBuildConfiguration;
			buildSettings = {
				ASSETCATALOG_COMPILER_APPICON_NAME = AppIcon;
				CODE_SIGN_IDENTITY = "iPhone Developer: qi huang (56378TM4Q9)";
				"CODE_SIGN_IDENTITY[sdk=iphoneos*]" = "iPhone Developer: qi huang (56378TM4Q9)";
				DEVELOPMENT_TEAM = M2VE6LGB86;
				INFOPLIST_FILE = DatabaseObject/Info.plist;
				LD_RUNPATH_SEARCH_PATHS = "$(inherited) @executable_path/Frameworks";
				LIBRARY_SEARCH_PATHS = (
					"$(inherited)",
					"$(PROJECT_DIR)/DatabaseObject/lib/sqlcipher",
				);
				OTHER_CFLAGS = (
					"-DSQLITE_HAS_CODEC",
					"-DSQLITE_THREADSAFE",
					"-DSQLCIPHER_CRYPTO_CC",
					"-DSQLITE_TEMP_STORE=2",
				);
				PRODUCT_BUNDLE_IDENTIFIER = com.longwind.DatabaseObject;
				PRODUCT_NAME = "$(TARGET_NAME)";
				PROVISIONING_PROFILE = "86e55e90-69be-4359-8862-b30dc8e9548d";
				PROVISIONING_PROFILE_SPECIFIER = LongWindDevelopment;
			};
			name = Release;
		};
/* End XCBuildConfiguration section */

/* Begin XCConfigurationList section */
		8E10CB1C1DF4F2E4001B64F1 /* Build configuration list for PBXProject "DatabaseObject" */ = {
			isa = XCConfigurationList;
			buildConfigurations = (
				8E10CB361DF4F2E4001B64F1 /* Debug */,
				8E10CB371DF4F2E4001B64F1 /* Release */,
			);
			defaultConfigurationIsVisible = 0;
			defaultConfigurationName = Release;
		};
		8E10CB381DF4F2E4001B64F1 /* Build configuration list for PBXNativeTarget "DatabaseObject" */ = {
			isa = XCConfigurationList;
			buildConfigurations = (
				8E10CB391DF4F2E4001B64F1 /* Debug */,
				8E10CB3A1DF4F2E4001B64F1 /* Release */,
			);
			defaultConfigurationIsVisible = 0;
			defaultConfigurationName = Release;
		};
/* End XCConfigurationList section */
	};
	rootObject = 8E10CB191DF4F2E4001B64F1 /* Project object */;
}
